{
  "name": "products-static-api",
  "version": "1.0.0",
  "lockfileVersion": 2,
  "requires": true,
  "packages": {
    "": {
      "name": "products-static-api",
      "version": "1.0.0",
      "license": "ISC",
      "devDependencies": {
        "mockserver": "^2.0.0"
      }
    },
    "node_modules/header-case-normalizer": {
      "version": "1.0.3",
      "resolved": "https://registry.npmjs.org/header-case-normalizer/-/header-case-normalizer-1.0.3.tgz",
      "integrity": "sha1-+x1MjQxhadyrT3x+IbGGpqIqwME=",
      "dev": true
    },
    "node_modules/js-combinatorics": {
      "version": "0.5.5",
      "resolved": "https://registry.npmjs.org/js-combinatorics/-/js-combinatorics-0.5.5.tgz",
      "integrity": "sha512-WglFY9EQvwndNhuJLxxyjnC16649lfZly/G3M3zgQMwcWlJDJ0Jn9niPWeYjnLXwWOEycYVxR2Tk98WLeFkrcw==",
      "dev": true
    },
    "node_modules/mockserver": {
      "version": "2.0.0",
      "resolved": "https://registry.npmjs.org/mockserver/-/mockserver-2.0.0.tgz",
      "integrity": "sha512-jEhEaYLaoQAIsNmobGaKFP+zYOJaOGUstP59kjox3GAX0xUbc9k9DiJNMT64u2LWRrZVg2iUTAu3rYE2luTPDA==",
      "dev": true,
      "dependencies": {
        "header-case-normalizer": "^1.0.3",
        "js-combinatorics": "^0.5.0",
        "yargs": "^1.3.3"
      },
      "bin": {
        "mockserver": "bin/mockserver.js"
      },
      "engines": {
        "node": ">=6.0"
      }
    },
    "node_modules/yargs": {
      "version": "1.3.3",
      "resolved": "https://registry.npmjs.org/yargs/-/yargs-1.3.3.tgz",
      "integrity": "sha1-BU3oth8i7v23IHBZ6u+da4P7kxo=",
      "dev": true
    }
  },
  "dependencies": {
    "header-case-normalizer": {
      "version": "1.0.3",
      "resolved": "https://registry.npmjs.org/header-case-normalizer/-/header-case-normalizer-1.0.3.tgz",
      "integrity": "sha1-+x1MjQxhadyrT3x+IbGGpqIqwME=",
      "dev": true
    },
    "js-combinatorics": {
      "version": "0.5.5",
      "resolved": "https://registry.npmjs.org/js-combinatorics/-/js-combinatorics-0.5.5.tgz",
      "integrity": "sha512-WglFY9EQvwndNhuJLxxyjnC16649lfZly/G3M3zgQMwcWlJDJ0Jn9niPWeYjnLXwWOEycYVxR2Tk98WLeFkrcw==",
      "dev": true
    },
    "mockserver": {
      "version": "2.0.0",
      "resolved": "https://registry.npmjs.org/mockserver/-/mockserver-2.0.0.tgz",
      "integrity": "sha512-jEhEaYLaoQAIsNmobGaKFP+zYOJaOGUstP59kjox3GAX0xUbc9k9DiJNMT64u2LWRrZVg2iUTAu3rYE2luTPDA==",
      "dev": true,
      "requires": {
        "header-case-normalizer": "^1.0.3",
        "js-combinatorics": "^0.5.0",
        "yargs": "^1.3.3"
      }
    },
    "yargs": {
      "version": "1.3.3",
      "resolved": "https://registry.npmjs.org/yargs/-/yargs-1.3.3.tgz",
      "integrity": "sha1-BU3oth8i7v23IHBZ6u+da4P7kxo=",
      "dev": true
    }
  }
}
